// !$*UTF8*$!
{
	archiveVersion = 1;
	classes = {
	};
	objectVersion = 46;
	objects = {

/* Begin PBXBuildFile section */
		1B0E47031EB69B6C00751361 /* AppDelegate.swift in Sources */ = {isa = PBXBuildFile; fileRef = 1B0E47021EB69B6C00751361 /* AppDelegate.swift */; };
		1B0E47051EB69B6C00751361 /* PhotoDisplayViewController.swift in Sources */ = {isa = PBXBuildFile; fileRef = 1B0E47041EB69B6C00751361 /* PhotoDisplayViewController.swift */; };
		1B0E47081EB69B6C00751361 /* Main.storyboard in Resources */ = {isa = PBXBuildFile; fileRef = 1B0E47061EB69B6C00751361 /* Main.storyboard */; };
		1B0E470A1EB69B6C00751361 /* Assets.xcassets in Resources */ = {isa = PBXBuildFile; fileRef = 1B0E47091EB69B6C00751361 /* Assets.xcassets */; };
		1B0E470D1EB69B6C00751361 /* LaunchScreen.storyboard in Resources */ = {isa = PBXBuildFile; fileRef = 1B0E470B1EB69B6C00751361 /* LaunchScreen.storyboard */; };
		1B0E47181EB69B6C00751361 /* POTDTests.swift in Sources */ = {isa = PBXBuildFile; fileRef = 1B0E47171EB69B6C00751361 /* POTDTests.swift */; };
		1B0E47231EB69B6C00751361 /* POTDUITests.swift in Sources */ = {isa = PBXBuildFile; fileRef = 1B0E47221EB69B6C00751361 /* POTDUITests.swift */; };
		1B6CD49E1EBF8565000A861D /* NetworkService.swift in Sources */ = {isa = PBXBuildFile; fileRef = 1B6CD49D1EBF8565000A861D /* NetworkService.swift */; };
		1B6CD4A01EBF859C000A861D /* NetworkServiceProvider.swift in Sources */ = {isa = PBXBuildFile; fileRef = 1B6CD49F1EBF859C000A861D /* NetworkServiceProvider.swift */; };
		1B6CD4A21EBF85F9000A861D /* NetworkServiceConsumer.swift in Sources */ = {isa = PBXBuildFile; fileRef = 1B6CD4A11EBF85F9000A861D /* NetworkServiceConsumer.swift */; };
		1B6CD4A51EBF9114000A861D /* PhotoDisplayPresentationModel.swift in Sources */ = {isa = PBXBuildFile; fileRef = 1B6CD4A41EBF9114000A861D /* PhotoDisplayPresentationModel.swift */; };
		1B6CD4A71EBF936F000A861D /* API.swift in Sources */ = {isa = PBXBuildFile; fileRef = 1B6CD4A61EBF936F000A861D /* API.swift */; };
		1B6CD4A91EBF93A3000A861D /* Apod.swift in Sources */ = {isa = PBXBuildFile; fileRef = 1B6CD4A81EBF93A3000A861D /* Apod.swift */; };
		1B6CD4AD1EBF9703000A861D /* NetworkRequest.swift in Sources */ = {isa = PBXBuildFile; fileRef = 1B6CD4AC1EBF9703000A861D /* NetworkRequest.swift */; };
		1BED8D961EC422490091BF7A /* PhotoDisplayPresentationModelDelegate.swift in Sources */ = {isa = PBXBuildFile; fileRef = 1BED8D951EC422490091BF7A /* PhotoDisplayPresentationModelDelegate.swift */; };
		6461FF929820FF129567B099 /* Pods_POTDUITests.framework in Frameworks */ = {isa = PBXBuildFile; fileRef = 821548E941BC7E5996AD236F /* Pods_POTDUITests.framework */; };
		6D08A8EEB436DC9615FAC7A8 /* Pods_POTD.framework in Frameworks */ = {isa = PBXBuildFile; fileRef = 42E47A6AEEE96C20B6674E68 /* Pods_POTD.framework */; };
		DB2CDB1D4C57D66DD3738A09 /* Pods_POTDTests.framework in Frameworks */ = {isa = PBXBuildFile; fileRef = 1DA4EEBED002FAB9F90F15ED /* Pods_POTDTests.framework */; };
/* End PBXBuildFile section */

/* Begin PBXContainerItemProxy section */
		1B0E47141EB69B6C00751361 /* PBXContainerItemProxy */ = {
			isa = PBXContainerItemProxy;
			containerPortal = 1B0E46F71EB69B6C00751361 /* Project object */;
			proxyType = 1;
			remoteGlobalIDString = 1B0E46FE1EB69B6C00751361;
			remoteInfo = POTD;
		};
		1B0E471F1EB69B6C00751361 /* PBXContainerItemProxy */ = {
			isa = PBXContainerItemProxy;
			containerPortal = 1B0E46F71EB69B6C00751361 /* Project object */;
			proxyType = 1;
			remoteGlobalIDString = 1B0E46FE1EB69B6C00751361;
			remoteInfo = POTD;
		};
/* End PBXContainerItemProxy section */

/* Begin PBXFileReference section */
		1B0E46FF1EB69B6C00751361 /* POTD.app */ = {isa = PBXFileReference; explicitFileType = wrapper.application; includeInIndex = 0; path = POTD.app; sourceTree = BUILT_PRODUCTS_DIR; };
		1B0E47021EB69B6C00751361 /* AppDelegate.swift */ = {isa = PBXFileReference; lastKnownFileType = sourcecode.swift; path = AppDelegate.swift; sourceTree = "<group>"; };
		1B0E47041EB69B6C00751361 /* PhotoDisplayViewController.swift */ = {isa = PBXFileReference; lastKnownFileType = sourcecode.swift; name = PhotoDisplayViewController.swift; path = ViewControllers/PhotoDisplayViewController.swift; sourceTree = "<group>"; };
		1B0E47071EB69B6C00751361 /* Base */ = {isa = PBXFileReference; lastKnownFileType = file.storyboard; name = Base; path = Base.lproj/Main.storyboard; sourceTree = "<group>"; };
		1B0E47091EB69B6C00751361 /* Assets.xcassets */ = {isa = PBXFileReference; lastKnownFileType = folder.assetcatalog; path = Assets.xcassets; sourceTree = "<group>"; };
		1B0E470C1EB69B6C00751361 /* Base */ = {isa = PBXFileReference; lastKnownFileType = file.storyboard; name = Base; path = Base.lproj/LaunchScreen.storyboard; sourceTree = "<group>"; };
		1B0E470E1EB69B6C00751361 /* Info.plist */ = {isa = PBXFileReference; lastKnownFileType = text.plist.xml; path = Info.plist; sourceTree = "<group>"; };
		1B0E47131EB69B6C00751361 /* POTDTests.xctest */ = {isa = PBXFileReference; explicitFileType = wrapper.cfbundle; includeInIndex = 0; path = POTDTests.xctest; sourceTree = BUILT_PRODUCTS_DIR; };
		1B0E47171EB69B6C00751361 /* POTDTests.swift */ = {isa = PBXFileReference; lastKnownFileType = sourcecode.swift; path = POTDTests.swift; sourceTree = "<group>"; };
		1B0E47191EB69B6C00751361 /* Info.plist */ = {isa = PBXFileReference; lastKnownFileType = text.plist.xml; path = Info.plist; sourceTree = "<group>"; };
		1B0E471E1EB69B6C00751361 /* POTDUITests.xctest */ = {isa = PBXFileReference; explicitFileType = wrapper.cfbundle; includeInIndex = 0; path = POTDUITests.xctest; sourceTree = BUILT_PRODUCTS_DIR; };
		1B0E47221EB69B6C00751361 /* POTDUITests.swift */ = {isa = PBXFileReference; lastKnownFileType = sourcecode.swift; path = POTDUITests.swift; sourceTree = "<group>"; };
		1B0E47241EB69B6C00751361 /* Info.plist */ = {isa = PBXFileReference; lastKnownFileType = text.plist.xml; path = Info.plist; sourceTree = "<group>"; };
		1B6CD49D1EBF8565000A861D /* NetworkService.swift */ = {isa = PBXFileReference; fileEncoding = 4; lastKnownFileType = sourcecode.swift; name = NetworkService.swift; path = Networking/NetworkService.swift; sourceTree = "<group>"; };
		1B6CD49F1EBF859C000A861D /* NetworkServiceProvider.swift */ = {isa = PBXFileReference; fileEncoding = 4; lastKnownFileType = sourcecode.swift; name = NetworkServiceProvider.swift; path = Networking/NetworkServiceProvider.swift; sourceTree = "<group>"; };
		1B6CD4A11EBF85F9000A861D /* NetworkServiceConsumer.swift */ = {isa = PBXFileReference; fileEncoding = 4; lastKnownFileType = sourcecode.swift; name = NetworkServiceConsumer.swift; path = Networking/NetworkServiceConsumer.swift; sourceTree = "<group>"; };
		1B6CD4A41EBF9114000A861D /* PhotoDisplayPresentationModel.swift */ = {isa = PBXFileReference; fileEncoding = 4; lastKnownFileType = sourcecode.swift; name = PhotoDisplayPresentationModel.swift; path = ViewControllers/PhotoDisplayPresentationModel.swift; sourceTree = "<group>"; };
		1B6CD4A61EBF936F000A861D /* API.swift */ = {isa = PBXFileReference; fileEncoding = 4; lastKnownFileType = sourcecode.swift; name = API.swift; path = API/API.swift; sourceTree = "<group>"; };
		1B6CD4A81EBF93A3000A861D /* Apod.swift */ = {isa = PBXFileReference; fileEncoding = 4; lastKnownFileType = sourcecode.swift; name = Apod.swift; path = Model/Apod.swift; sourceTree = "<group>"; };
		1B6CD4AC1EBF9703000A861D /* NetworkRequest.swift */ = {isa = PBXFileReference; fileEncoding = 4; lastKnownFileType = sourcecode.swift; name = NetworkRequest.swift; path = Networking/NetworkRequest.swift; sourceTree = "<group>"; };
		1BED8D951EC422490091BF7A /* PhotoDisplayPresentationModelDelegate.swift */ = {isa = PBXFileReference; fileEncoding = 4; lastKnownFileType = sourcecode.swift; name = PhotoDisplayPresentationModelDelegate.swift; path = ViewControllers/PhotoDisplayPresentationModelDelegate.swift; sourceTree = "<group>"; };
		1DA4EEBED002FAB9F90F15ED /* Pods_POTDTests.framework */ = {isa = PBXFileReference; explicitFileType = wrapper.framework; includeInIndex = 0; path = Pods_POTDTests.framework; sourceTree = BUILT_PRODUCTS_DIR; };
		42E47A6AEEE96C20B6674E68 /* Pods_POTD.framework */ = {isa = PBXFileReference; explicitFileType = wrapper.framework; includeInIndex = 0; path = Pods_POTD.framework; sourceTree = BUILT_PRODUCTS_DIR; };
		683A12ED717CE9E4E60C51C1 /* Pods-POTDUITests.debug.xcconfig */ = {isa = PBXFileReference; includeInIndex = 1; lastKnownFileType = text.xcconfig; name = "Pods-POTDUITests.debug.xcconfig"; path = "Pods/Target Support Files/Pods-POTDUITests/Pods-POTDUITests.debug.xcconfig"; sourceTree = "<group>"; };
		80B8E1A5A11922DA5AF65C1A /* Pods-POTD.release.xcconfig */ = {isa = PBXFileReference; includeInIndex = 1; lastKnownFileType = text.xcconfig; name = "Pods-POTD.release.xcconfig"; path = "Pods/Target Support Files/Pods-POTD/Pods-POTD.release.xcconfig"; sourceTree = "<group>"; };
		821548E941BC7E5996AD236F /* Pods_POTDUITests.framework */ = {isa = PBXFileReference; explicitFileType = wrapper.framework; includeInIndex = 0; path = Pods_POTDUITests.framework; sourceTree = BUILT_PRODUCTS_DIR; };
		853E5E55544D5756275797C0 /* Pods-POTDUITests.release.xcconfig */ = {isa = PBXFileReference; includeInIndex = 1; lastKnownFileType = text.xcconfig; name = "Pods-POTDUITests.release.xcconfig"; path = "Pods/Target Support Files/Pods-POTDUITests/Pods-POTDUITests.release.xcconfig"; sourceTree = "<group>"; };
		86F8300567466AC6254CCE1D /* Pods-POTDTests.debug.xcconfig */ = {isa = PBXFileReference; includeInIndex = 1; lastKnownFileType = text.xcconfig; name = "Pods-POTDTests.debug.xcconfig"; path = "Pods/Target Support Files/Pods-POTDTests/Pods-POTDTests.debug.xcconfig"; sourceTree = "<group>"; };
		C4458B36981F3F1669E6E26B /* Pods-POTD.debug.xcconfig */ = {isa = PBXFileReference; includeInIndex = 1; lastKnownFileType = text.xcconfig; name = "Pods-POTD.debug.xcconfig"; path = "Pods/Target Support Files/Pods-POTD/Pods-POTD.debug.xcconfig"; sourceTree = "<group>"; };
		F8B4DDE3896E6EBC46F25D14 /* Pods-POTDTests.release.xcconfig */ = {isa = PBXFileReference; includeInIndex = 1; lastKnownFileType = text.xcconfig; name = "Pods-POTDTests.release.xcconfig"; path = "Pods/Target Support Files/Pods-POTDTests/Pods-POTDTests.release.xcconfig"; sourceTree = "<group>"; };
/* End PBXFileReference section */

/* Begin PBXFrameworksBuildPhase section */
		1B0E46FC1EB69B6C00751361 /* Frameworks */ = {
			isa = PBXFrameworksBuildPhase;
			buildActionMask = 2147483647;
			files = (
				6D08A8EEB436DC9615FAC7A8 /* Pods_POTD.framework in Frameworks */,
			);
			runOnlyForDeploymentPostprocessing = 0;
		};
		1B0E47101EB69B6C00751361 /* Frameworks */ = {
			isa = PBXFrameworksBuildPhase;
			buildActionMask = 2147483647;
			files = (
				DB2CDB1D4C57D66DD3738A09 /* Pods_POTDTests.framework in Frameworks */,
			);
			runOnlyForDeploymentPostprocessing = 0;
		};
		1B0E471B1EB69B6C00751361 /* Frameworks */ = {
			isa = PBXFrameworksBuildPhase;
			buildActionMask = 2147483647;
			files = (
				6461FF929820FF129567B099 /* Pods_POTDUITests.framework in Frameworks */,
			);
			runOnlyForDeploymentPostprocessing = 0;
		};
/* End PBXFrameworksBuildPhase section */

/* Begin PBXGroup section */
		10D13601508413A1416A8F5B /* Frameworks */ = {
			isa = PBXGroup;
			children = (
				42E47A6AEEE96C20B6674E68 /* Pods_POTD.framework */,
				1DA4EEBED002FAB9F90F15ED /* Pods_POTDTests.framework */,
				821548E941BC7E5996AD236F /* Pods_POTDUITests.framework */,
			);
			name = Frameworks;
			sourceTree = "<group>";
		};
		1B0E46F61EB69B6C00751361 = {
			isa = PBXGroup;
			children = (
				1B0E47011EB69B6C00751361 /* POTD */,
				1B0E47161EB69B6C00751361 /* POTDTests */,
				1B0E47211EB69B6C00751361 /* POTDUITests */,
				1B0E47001EB69B6C00751361 /* Products */,
				364D14A1CE449B389F96B3DB /* Pods */,
				10D13601508413A1416A8F5B /* Frameworks */,
			);
			sourceTree = "<group>";
		};
		1B0E47001EB69B6C00751361 /* Products */ = {
			isa = PBXGroup;
			children = (
				1B0E46FF1EB69B6C00751361 /* POTD.app */,
				1B0E47131EB69B6C00751361 /* POTDTests.xctest */,
				1B0E471E1EB69B6C00751361 /* POTDUITests.xctest */,
			);
			name = Products;
			sourceTree = "<group>";
		};
		1B0E47011EB69B6C00751361 /* POTD */ = {
			isa = PBXGroup;
			children = (
				1B0E47021EB69B6C00751361 /* AppDelegate.swift */,
				1B6CD4AA1EBF93AC000A861D /* Model */,
				1B6CD4AB1EBF93C4000A861D /* API */,
				1B6CD4A31EBF8611000A861D /* Networking */,
				1BBD6F301EB6D2C0006BDDFD /* ViewControllers */,
				1B0E47061EB69B6C00751361 /* Main.storyboard */,
				1B0E47091EB69B6C00751361 /* Assets.xcassets */,
				1B0E470B1EB69B6C00751361 /* LaunchScreen.storyboard */,
				1B0E470E1EB69B6C00751361 /* Info.plist */,
			);
			path = POTD;
			sourceTree = "<group>";
		};
		1B0E47161EB69B6C00751361 /* POTDTests */ = {
			isa = PBXGroup;
			children = (
				1B0E47171EB69B6C00751361 /* POTDTests.swift */,
				1B0E47191EB69B6C00751361 /* Info.plist */,
			);
			path = POTDTests;
			sourceTree = "<group>";
		};
		1B0E47211EB69B6C00751361 /* POTDUITests */ = {
			isa = PBXGroup;
			children = (
				1B0E47221EB69B6C00751361 /* POTDUITests.swift */,
				1B0E47241EB69B6C00751361 /* Info.plist */,
			);
			path = POTDUITests;
			sourceTree = "<group>";
		};
		1B6CD4A31EBF8611000A861D /* Networking */ = {
			isa = PBXGroup;
			children = (
				1B6CD49D1EBF8565000A861D /* NetworkService.swift */,
				1B6CD4AC1EBF9703000A861D /* NetworkRequest.swift */,
				1B6CD4A11EBF85F9000A861D /* NetworkServiceConsumer.swift */,
				1B6CD49F1EBF859C000A861D /* NetworkServiceProvider.swift */,
			);
			name = Networking;
			sourceTree = "<group>";
		};
		1B6CD4AA1EBF93AC000A861D /* Model */ = {
			isa = PBXGroup;
			children = (
				1B6CD4A81EBF93A3000A861D /* Apod.swift */,
			);
			name = Model;
			sourceTree = "<group>";
		};
		1B6CD4AB1EBF93C4000A861D /* API */ = {
			isa = PBXGroup;
			children = (
				1B6CD4A61EBF936F000A861D /* API.swift */,
			);
			name = API;
			sourceTree = "<group>";
		};
		1BBD6F301EB6D2C0006BDDFD /* ViewControllers */ = {
			isa = PBXGroup;
			children = (
				1B0E47041EB69B6C00751361 /* PhotoDisplayViewController.swift */,
				1B6CD4A41EBF9114000A861D /* PhotoDisplayPresentationModel.swift */,
				1BED8D951EC422490091BF7A /* PhotoDisplayPresentationModelDelegate.swift */,
			);
			name = ViewControllers;
			sourceTree = "<group>";
		};
		364D14A1CE449B389F96B3DB /* Pods */ = {
			isa = PBXGroup;
			children = (
				C4458B36981F3F1669E6E26B /* Pods-POTD.debug.xcconfig */,
				80B8E1A5A11922DA5AF65C1A /* Pods-POTD.release.xcconfig */,
				86F8300567466AC6254CCE1D /* Pods-POTDTests.debug.xcconfig */,
				F8B4DDE3896E6EBC46F25D14 /* Pods-POTDTests.release.xcconfig */,
				683A12ED717CE9E4E60C51C1 /* Pods-POTDUITests.debug.xcconfig */,
				853E5E55544D5756275797C0 /* Pods-POTDUITests.release.xcconfig */,
			);
			name = Pods;
			sourceTree = "<group>";
		};
/* End PBXGroup section */

/* Begin PBXNativeTarget section */
		1B0E46FE1EB69B6C00751361 /* POTD */ = {
			isa = PBXNativeTarget;
			buildConfigurationList = 1B0E47271EB69B6C00751361 /* Build configuration list for PBXNativeTarget "POTD" */;
			buildPhases = (
				BD390ED8B504B1D372E1B8F2 /* [CP] Check Pods Manifest.lock */,
				1B0E46FB1EB69B6C00751361 /* Sources */,
				1B0E46FC1EB69B6C00751361 /* Frameworks */,
				1B0E46FD1EB69B6C00751361 /* Resources */,
				DFEDBD5D62075777759DFED6 /* [CP] Embed Pods Frameworks */,
				F0ABE3FF0DC92E1CD29F4233 /* [CP] Copy Pods Resources */,
			);
			buildRules = (
			);
			dependencies = (
			);
			name = POTD;
			productName = POTD;
			productReference = 1B0E46FF1EB69B6C00751361 /* POTD.app */;
			productType = "com.apple.product-type.application";
		};
		1B0E47121EB69B6C00751361 /* POTDTests */ = {
			isa = PBXNativeTarget;
			buildConfigurationList = 1B0E472A1EB69B6C00751361 /* Build configuration list for PBXNativeTarget "POTDTests" */;
			buildPhases = (
				F7ECE38DB7008DD1C9E2F18E /* [CP] Check Pods Manifest.lock */,
				1B0E470F1EB69B6C00751361 /* Sources */,
				1B0E47101EB69B6C00751361 /* Frameworks */,
				1B0E47111EB69B6C00751361 /* Resources */,
				AB00B6A4CCBECF444D1C4EC5 /* [CP] Embed Pods Frameworks */,
				2EA9C2A850D74288DE66D9C6 /* [CP] Copy Pods Resources */,
			);
			buildRules = (
			);
			dependencies = (
				1B0E47151EB69B6C00751361 /* PBXTargetDependency */,
			);
			name = POTDTests;
			productName = POTDTests;
			productReference = 1B0E47131EB69B6C00751361 /* POTDTests.xctest */;
			productType = "com.apple.product-type.bundle.unit-test";
		};
		1B0E471D1EB69B6C00751361 /* POTDUITests */ = {
			isa = PBXNativeTarget;
			buildConfigurationList = 1B0E472D1EB69B6C00751361 /* Build configuration list for PBXNativeTarget "POTDUITests" */;
			buildPhases = (
				483FE9680E9F71BCE902F162 /* [CP] Check Pods Manifest.lock */,
				1B0E471A1EB69B6C00751361 /* Sources */,
				1B0E471B1EB69B6C00751361 /* Frameworks */,
				1B0E471C1EB69B6C00751361 /* Resources */,
				D36FD4AEF4DC771EA1B6F800 /* [CP] Embed Pods Frameworks */,
				3055520E5B68BE7185FA130C /* [CP] Copy Pods Resources */,
			);
			buildRules = (
			);
			dependencies = (
				1B0E47201EB69B6C00751361 /* PBXTargetDependency */,
			);
			name = POTDUITests;
			productName = POTDUITests;
			productReference = 1B0E471E1EB69B6C00751361 /* POTDUITests.xctest */;
			productType = "com.apple.product-type.bundle.ui-testing";
		};
/* End PBXNativeTarget section */

/* Begin PBXProject section */
		1B0E46F71EB69B6C00751361 /* Project object */ = {
			isa = PBXProject;
			attributes = {
				LastSwiftUpdateCheck = 0820;
				LastUpgradeCheck = 0820;
				ORGANIZATIONNAME = "Jon-Tait Beason";
				TargetAttributes = {
					1B0E46FE1EB69B6C00751361 = {
						CreatedOnToolsVersion = 8.2.1;
						DevelopmentTeam = 26TV24DK6Z;
						ProvisioningStyle = Automatic;
					};
					1B0E47121EB69B6C00751361 = {
						CreatedOnToolsVersion = 8.2.1;
						DevelopmentTeam = 8767555EYT;
						LastSwiftMigration = 0930;
						ProvisioningStyle = Automatic;
						TestTargetID = 1B0E46FE1EB69B6C00751361;
					};
					1B0E471D1EB69B6C00751361 = {
						CreatedOnToolsVersion = 8.2.1;
						DevelopmentTeam = 8767555EYT;
						LastSwiftMigration = 0930;
						ProvisioningStyle = Automatic;
						TestTargetID = 1B0E46FE1EB69B6C00751361;
					};
				};
			};
			buildConfigurationList = 1B0E46FA1EB69B6C00751361 /* Build configuration list for PBXProject "POTD" */;
			compatibilityVersion = "Xcode 3.2";
			developmentRegion = English;
			hasScannedForEncodings = 0;
			knownRegions = (
				en,
				Base,
			);
			mainGroup = 1B0E46F61EB69B6C00751361;
			productRefGroup = 1B0E47001EB69B6C00751361 /* Products */;
			projectDirPath = "";
			projectRoot = "";
			targets = (
				1B0E46FE1EB69B6C00751361 /* POTD */,
				1B0E47121EB69B6C00751361 /* POTDTests */,
				1B0E471D1EB69B6C00751361 /* POTDUITests */,
			);
		};
/* End PBXProject section */

/* Begin PBXResourcesBuildPhase section */
		1B0E46FD1EB69B6C00751361 /* Resources */ = {
			isa = PBXResourcesBuildPhase;
			buildActionMask = 2147483647;
			files = (
				1B0E470D1EB69B6C00751361 /* LaunchScreen.storyboard in Resources */,
				1B0E470A1EB69B6C00751361 /* Assets.xcassets in Resources */,
				1B0E47081EB69B6C00751361 /* Main.storyboard in Resources */,
			);
			runOnlyForDeploymentPostprocessing = 0;
		};
		1B0E47111EB69B6C00751361 /* Resources */ = {
			isa = PBXResourcesBuildPhase;
			buildActionMask = 2147483647;
			files = (
			);
			runOnlyForDeploymentPostprocessing = 0;
		};
		1B0E471C1EB69B6C00751361 /* Resources */ = {
			isa = PBXResourcesBuildPhase;
			buildActionMask = 2147483647;
			files = (
			);
			runOnlyForDeploymentPostprocessing = 0;
		};
/* End PBXResourcesBuildPhase section */

/* Begin PBXShellScriptBuildPhase section */
		2EA9C2A850D74288DE66D9C6 /* [CP] Copy Pods Resources */ = {
			isa = PBXShellScriptBuildPhase;
			buildActionMask = 2147483647;
			files = (
			);
			inputPaths = (
			);
			name = "[CP] Copy Pods Resources";
			outputPaths = (
			);
			runOnlyForDeploymentPostprocessing = 0;
			shellPath = /bin/sh;
			shellScript = "\"${SRCROOT}/Pods/Target Support Files/Pods-POTDTests/Pods-POTDTests-resources.sh\"\n";
			showEnvVarsInLog = 0;
		};
		3055520E5B68BE7185FA130C /* [CP] Copy Pods Resources */ = {
			isa = PBXShellScriptBuildPhase;
			buildActionMask = 2147483647;
			files = (
			);
			inputPaths = (
			);
			name = "[CP] Copy Pods Resources";
			outputPaths = (
			);
			runOnlyForDeploymentPostprocessing = 0;
			shellPath = /bin/sh;
			shellScript = "\"${SRCROOT}/Pods/Target Support Files/Pods-POTDUITests/Pods-POTDUITests-resources.sh\"\n";
			showEnvVarsInLog = 0;
		};
		483FE9680E9F71BCE902F162 /* [CP] Check Pods Manifest.lock */ = {
			isa = PBXShellScriptBuildPhase;
			buildActionMask = 2147483647;
			files = (
			);
			inputPaths = (
			);
			name = "[CP] Check Pods Manifest.lock";
			outputPaths = (
			);
			runOnlyForDeploymentPostprocessing = 0;
			shellPath = /bin/sh;
			shellScript = "diff \"${PODS_PODFILE_DIR_PATH}/Podfile.lock\" \"${PODS_ROOT}/Manifest.lock\" > /dev/null\nif [ $? != 0 ] ; then\n    # print error to STDERR\n    echo \"error: The sandbox is not in sync with the Podfile.lock. Run 'pod install' or update your CocoaPods installation.\" >&2\n    exit 1\nfi\n";
			showEnvVarsInLog = 0;
		};
		AB00B6A4CCBECF444D1C4EC5 /* [CP] Embed Pods Frameworks */ = {
			isa = PBXShellScriptBuildPhase;
			buildActionMask = 2147483647;
			files = (
			);
			inputPaths = (
			);
			name = "[CP] Embed Pods Frameworks";
			outputPaths = (
			);
			runOnlyForDeploymentPostprocessing = 0;
			shellPath = /bin/sh;
			shellScript = "\"${SRCROOT}/Pods/Target Support Files/Pods-POTDTests/Pods-POTDTests-frameworks.sh\"\n";
			showEnvVarsInLog = 0;
		};
		BD390ED8B504B1D372E1B8F2 /* [CP] Check Pods Manifest.lock */ = {
			isa = PBXShellScriptBuildPhase;
			buildActionMask = 2147483647;
			files = (
			);
			inputPaths = (
			);
			name = "[CP] Check Pods Manifest.lock";
			outputPaths = (
			);
			runOnlyForDeploymentPostprocessing = 0;
			shellPath = /bin/sh;
			shellScript = "diff \"${PODS_PODFILE_DIR_PATH}/Podfile.lock\" \"${PODS_ROOT}/Manifest.lock\" > /dev/null\nif [ $? != 0 ] ; then\n    # print error to STDERR\n    echo \"error: The sandbox is not in sync with the Podfile.lock. Run 'pod install' or update your CocoaPods installation.\" >&2\n    exit 1\nfi\n";
			showEnvVarsInLog = 0;
		};
		D36FD4AEF4DC771EA1B6F800 /* [CP] Embed Pods Frameworks */ = {
			isa = PBXShellScriptBuildPhase;
			buildActionMask = 2147483647;
			files = (
			);
			inputPaths = (
			);
			name = "[CP] Embed Pods Frameworks";
			outputPaths = (
			);
			runOnlyForDeploymentPostprocessing = 0;
			shellPath = /bin/sh;
			shellScript = "\"${SRCROOT}/Pods/Target Support Files/Pods-POTDUITests/Pods-POTDUITests-frameworks.sh\"\n";
			showEnvVarsInLog = 0;
		};
		DFEDBD5D62075777759DFED6 /* [CP] Embed Pods Frameworks */ = {
			isa = PBXShellScriptBuildPhase;
			buildActionMask = 2147483647;
			files = (
			);
			inputPaths = (
			);
			name = "[CP] Embed Pods Frameworks";
			outputPaths = (
			);
			runOnlyForDeploymentPostprocessing = 0;
			shellPath = /bin/sh;
			shellScript = "\"${SRCROOT}/Pods/Target Support Files/Pods-POTD/Pods-POTD-frameworks.sh\"\n";
			showEnvVarsInLog = 0;
		};
		F0ABE3FF0DC92E1CD29F4233 /* [CP] Copy Pods Resources */ = {
			isa = PBXShellScriptBuildPhase;
			buildActionMask = 2147483647;
			files = (
			);
			inputPaths = (
			);
			name = "[CP] Copy Pods Resources";
			outputPaths = (
			);
			runOnlyForDeploymentPostprocessing = 0;
			shellPath = /bin/sh;
			shellScript = "\"${SRCROOT}/Pods/Target Support Files/Pods-POTD/Pods-POTD-resources.sh\"\n";
			showEnvVarsInLog = 0;
		};
		F7ECE38DB7008DD1C9E2F18E /* [CP] Check Pods Manifest.lock */ = {
			isa = PBXShellScriptBuildPhase;
			buildActionMask = 2147483647;
			files = (
			);
			inputPaths = (
			);
			name = "[CP] Check Pods Manifest.lock";
			outputPaths = (
			);
			runOnlyForDeploymentPostprocessing = 0;
			shellPath = /bin/sh;
			shellScript = "diff \"${PODS_PODFILE_DIR_PATH}/Podfile.lock\" \"${PODS_ROOT}/Manifest.lock\" > /dev/null\nif [ $? != 0 ] ; then\n    # print error to STDERR\n    echo \"error: The sandbox is not in sync with the Podfile.lock. Run 'pod install' or update your CocoaPods installation.\" >&2\n    exit 1\nfi\n";
			showEnvVarsInLog = 0;
		};
/* End PBXShellScriptBuildPhase section */

/* Begin PBXSourcesBuildPhase section */
		1B0E46FB1EB69B6C00751361 /* Sources */ = {
			isa = PBXSourcesBuildPhase;
			buildActionMask = 2147483647;
			files = (
				1B6CD4A21EBF85F9000A861D /* NetworkServiceConsumer.swift in Sources */,
				1B6CD4A91EBF93A3000A861D /* Apod.swift in Sources */,
				1B0E47051EB69B6C00751361 /* PhotoDisplayViewController.swift in Sources */,
				1B6CD4A01EBF859C000A861D /* NetworkServiceProvider.swift in Sources */,
				1B6CD4A51EBF9114000A861D /* PhotoDisplayPresentationModel.swift in Sources */,
				1B6CD49E1EBF8565000A861D /* NetworkService.swift in Sources */,
				1B0E47031EB69B6C00751361 /* AppDelegate.swift in Sources */,
				1B6CD4AD1EBF9703000A861D /* NetworkRequest.swift in Sources */,
				1BED8D961EC422490091BF7A /* PhotoDisplayPresentationModelDelegate.swift in Sources */,
				1B6CD4A71EBF936F000A861D /* API.swift in Sources */,
			);
			runOnlyForDeploymentPostprocessing = 0;
		};
		1B0E470F1EB69B6C00751361 /* Sources */ = {
			isa = PBXSourcesBuildPhase;
			buildActionMask = 2147483647;
			files = (
				1B0E47181EB69B6C00751361 /* POTDTests.swift in Sources */,
			);
			runOnlyForDeploymentPostprocessing = 0;
		};
		1B0E471A1EB69B6C00751361 /* Sources */ = {
			isa = PBXSourcesBuildPhase;
			buildActionMask = 2147483647;
			files = (
				1B0E47231EB69B6C00751361 /* POTDUITests.swift in Sources */,
			);
			runOnlyForDeploymentPostprocessing = 0;
		};
/* End PBXSourcesBuildPhase section */

/* Begin PBXTargetDependency section */
		1B0E47151EB69B6C00751361 /* PBXTargetDependency */ = {
			isa = PBXTargetDependency;
			target = 1B0E46FE1EB69B6C00751361 /* POTD */;
			targetProxy = 1B0E47141EB69B6C00751361 /* PBXContainerItemProxy */;
		};
		1B0E47201EB69B6C00751361 /* PBXTargetDependency */ = {
			isa = PBXTargetDependency;
			target = 1B0E46FE1EB69B6C00751361 /* POTD */;
			targetProxy = 1B0E471F1EB69B6C00751361 /* PBXContainerItemProxy */;
		};
/* End PBXTargetDependency section */

/* Begin PBXVariantGroup section */
		1B0E47061EB69B6C00751361 /* Main.storyboard */ = {
			isa = PBXVariantGroup;
			children = (
				1B0E47071EB69B6C00751361 /* Base */,
			);
			name = Main.storyboard;
			sourceTree = "<group>";
		};
		1B0E470B1EB69B6C00751361 /* LaunchScreen.storyboard */ = {
			isa = PBXVariantGroup;
			children = (
				1B0E470C1EB69B6C00751361 /* Base */,
			);
			name = LaunchScreen.storyboard;
			sourceTree = "<group>";
		};
/* End PBXVariantGroup section */

/* Begin XCBuildConfiguration section */
		1B0E47251EB69B6C00751361 /* Debug */ = {
			isa = XCBuildConfiguration;
			buildSettings = {
				ALWAYS_SEARCH_USER_PATHS = NO;
				CLANG_ANALYZER_NONNULL = YES;
				CLANG_CXX_LANGUAGE_STANDARD = "gnu++0x";
				CLANG_CXX_LIBRARY = "libc++";
				CLANG_ENABLE_MODULES = YES;
				CLANG_ENABLE_OBJC_ARC = YES;
				CLANG_WARN_BOOL_CONVERSION = YES;
				CLANG_WARN_CONSTANT_CONVERSION = YES;
				CLANG_WARN_DIRECT_OBJC_ISA_USAGE = YES_ERROR;
				CLANG_WARN_DOCUMENTATION_COMMENTS = YES;
				CLANG_WARN_EMPTY_BODY = YES;
				CLANG_WARN_ENUM_CONVERSION = YES;
				CLANG_WARN_INFINITE_RECURSION = YES;
				CLANG_WARN_INT_CONVERSION = YES;
				CLANG_WARN_OBJC_ROOT_CLASS = YES_ERROR;
				CLANG_WARN_SUSPICIOUS_MOVE = YES;
				CLANG_WARN_UNREACHABLE_CODE = YES;
				CLANG_WARN__DUPLICATE_METHOD_MATCH = YES;
				"CODE_SIGN_IDENTITY[sdk=iphoneos*]" = "iPhone Developer";
				COPY_PHASE_STRIP = NO;
				DEBUG_INFORMATION_FORMAT = dwarf;
				ENABLE_STRICT_OBJC_MSGSEND = YES;
				ENABLE_TESTABILITY = YES;
				GCC_C_LANGUAGE_STANDARD = gnu99;
				GCC_DYNAMIC_NO_PIC = NO;
				GCC_NO_COMMON_BLOCKS = YES;
				GCC_OPTIMIZATION_LEVEL = 0;
				GCC_PREPROCESSOR_DEFINITIONS = (
					"DEBUG=1",
					"$(inherited)",
				);
				GCC_WARN_64_TO_32_BIT_CONVERSION = YES;
				GCC_WARN_ABOUT_RETURN_TYPE = YES_ERROR;
				GCC_WARN_UNDECLARED_SELECTOR = YES;
				GCC_WARN_UNINITIALIZED_AUTOS = YES_AGGRESSIVE;
				GCC_WARN_UNUSED_FUNCTION = YES;
				GCC_WARN_UNUSED_VARIABLE = YES;
				IPHONEOS_DEPLOYMENT_TARGET = 10.2;
				MTL_ENABLE_DEBUG_INFO = YES;
				ONLY_ACTIVE_ARCH = YES;
				SDKROOT = iphoneos;
				SWIFT_ACTIVE_COMPILATION_CONDITIONS = DEBUG;
				SWIFT_OPTIMIZATION_LEVEL = "-Onone";
				TARGETED_DEVICE_FAMILY = "1,2";
			};
			name = Debug;
		};
		1B0E47261EB69B6C00751361 /* Release */ = {
			isa = XCBuildConfiguration;
			buildSettings = {
				ALWAYS_SEARCH_USER_PATHS = NO;
				CLANG_ANALYZER_NONNULL = YES;
				CLANG_CXX_LANGUAGE_STANDARD = "gnu++0x";
				CLANG_CXX_LIBRARY = "libc++";
				CLANG_ENABLE_MODULES = YES;
				CLANG_ENABLE_OBJC_ARC = YES;
				CLANG_WARN_BOOL_CONVERSION = YES;
				CLANG_WARN_CONSTANT_CONVERSION = YES;
				CLANG_WARN_DIRECT_OBJC_ISA_USAGE = YES_ERROR;
				CLANG_WARN_DOCUMENTATION_COMMENTS = YES;
				CLANG_WARN_EMPTY_BODY = YES;
				CLANG_WARN_ENUM_CONVERSION = YES;
				CLANG_WARN_INFINITE_RECURSION = YES;
				CLANG_WARN_INT_CONVERSION = YES;
				CLANG_WARN_OBJC_ROOT_CLASS = YES_ERROR;
				CLANG_WARN_SUSPICIOUS_MOVE = YES;
				CLANG_WARN_UNREACHABLE_CODE = YES;
				CLANG_WARN__DUPLICATE_METHOD_MATCH = YES;
				"CODE_SIGN_IDENTITY[sdk=iphoneos*]" = "iPhone Developer";
				COPY_PHASE_STRIP = NO;
				DEBUG_INFORMATION_FORMAT = "dwarf-with-dsym";
				ENABLE_NS_ASSERTIONS = NO;
				ENABLE_STRICT_OBJC_MSGSEND = YES;
				GCC_C_LANGUAGE_STANDARD = gnu99;
				GCC_NO_COMMON_BLOCKS = YES;
				GCC_WARN_64_TO_32_BIT_CONVERSION = YES;
				GCC_WARN_ABOUT_RETURN_TYPE = YES_ERROR;
				GCC_WARN_UNDECLARED_SELECTOR = YES;
				GCC_WARN_UNINITIALIZED_AUTOS = YES_AGGRESSIVE;
				GCC_WARN_UNUSED_FUNCTION = YES;
				GCC_WARN_UNUSED_VARIABLE = YES;
				IPHONEOS_DEPLOYMENT_TARGET = 10.2;
				MTL_ENABLE_DEBUG_INFO = NO;
				SDKROOT = iphoneos;
				SWIFT_OPTIMIZATION_LEVEL = "-Owholemodule";
				TARGETED_DEVICE_FAMILY = "1,2";
				VALIDATE_PRODUCT = YES;
			};
			name = Release;
		};
		1B0E47281EB69B6C00751361 /* Debug */ = {
			isa = XCBuildConfiguration;
			baseConfigurationReference = C4458B36981F3F1669E6E26B /* Pods-POTD.debug.xcconfig */;
			buildSettings = {
				ASSETCATALOG_COMPILER_APPICON_NAME = AppIcon;
				DEVELOPMENT_TEAM = 26TV24DK6Z;
				INFOPLIST_FILE = POTD/Info.plist;
				LD_RUNPATH_SEARCH_PATHS = "$(inherited) @executable_path/Frameworks";
				PRODUCT_BUNDLE_IDENTIFIER = com.Glowforge.POTD;
				PRODUCT_NAME = "$(TARGET_NAME)";
				SWIFT_VERSION = 4.0;
			};
			name = Debug;
		};
		1B0E47291EB69B6C00751361 /* Release */ = {
			isa = XCBuildConfiguration;
			baseConfigurationReference = 80B8E1A5A11922DA5AF65C1A /* Pods-POTD.release.xcconfig */;
			buildSettings = {
				ASSETCATALOG_COMPILER_APPICON_NAME = AppIcon;
				DEVELOPMENT_TEAM = 26TV24DK6Z;
				INFOPLIST_FILE = POTD/Info.plist;
				LD_RUNPATH_SEARCH_PATHS = "$(inherited) @executable_path/Frameworks";
				PRODUCT_BUNDLE_IDENTIFIER = com.Glowforge.POTD;
				PRODUCT_NAME = "$(TARGET_NAME)";
				SWIFT_VERSION = 4.0;
			};
			name = Release;
		};
		1B0E472B1EB69B6C00751361 /* Debug */ = {
			isa = XCBuildConfiguration;
			baseConfigurationReference = 86F8300567466AC6254CCE1D /* Pods-POTDTests.debug.xcconfig */;
			buildSettings = {
				ALWAYS_EMBED_SWIFT_STANDARD_LIBRARIES = YES;
				BUNDLE_LOADER = "$(TEST_HOST)";
				DEVELOPMENT_TEAM = 8767555EYT;
				INFOPLIST_FILE = POTDTests/Info.plist;
				LD_RUNPATH_SEARCH_PATHS = "$(inherited) @executable_path/Frameworks @loader_path/Frameworks";
				PRODUCT_BUNDLE_IDENTIFIER = com.Glowforge.POTDTests;
				PRODUCT_NAME = "$(TARGET_NAME)";
				SWIFT_VERSION = 3.0;
				TEST_HOST = "$(BUILT_PRODUCTS_DIR)/POTD.app/POTD";
			};
			name = Debug;
		};
		1B0E472C1EB69B6C00751361 /* Release */ = {
			isa = XCBuildConfiguration;
			baseConfigurationReference = F8B4DDE3896E6EBC46F25D14 /* Pods-POTDTests.release.xcconfig */;
			buildSettings = {
				ALWAYS_EMBED_SWIFT_STANDARD_LIBRARIES = YES;
				BUNDLE_LOADER = "$(TEST_HOST)";
				DEVELOPMENT_TEAM = 8767555EYT;
				INFOPLIST_FILE = POTDTests/Info.plist;
				LD_RUNPATH_SEARCH_PATHS = "$(inherited) @executable_path/Frameworks @loader_path/Frameworks";
				PRODUCT_BUNDLE_IDENTIFIER = com.Glowforge.POTDTests;
				PRODUCT_NAME = "$(TARGET_NAME)";
				SWIFT_VERSION = 3.0;
				TEST_HOST = "$(BUILT_PRODUCTS_DIR)/POTD.app/POTD";
			};
			name = Release;
		};
		1B0E472E1EB69B6C00751361 /* Debug */ = {
			isa = XCBuildConfiguration;
			baseConfigurationReference = 683A12ED717CE9E4E60C51C1 /* Pods-POTDUITests.debug.xcconfig */;
			buildSettings = {
				ALWAYS_EMBED_SWIFT_STANDARD_LIBRARIES = YES;
				DEVELOPMENT_TEAM = 8767555EYT;
				INFOPLIST_FILE = POTDUITests/Info.plist;
				LD_RUNPATH_SEARCH_PATHS = "$(inherited) @executable_path/Frameworks @loader_path/Frameworks";
				PRODUCT_BUNDLE_IDENTIFIER = com.Glowforge.POTDUITests;
				PRODUCT_NAME = "$(TARGET_NAME)";
				SWIFT_VERSION = 3.0;
				TEST_TARGET_NAME = POTD;
			};
			name = Debug;
		};
		1B0E472F1EB69B6C00751361 /* Release */ = {
			isa = XCBuildConfiguration;
			baseConfigurationReference = 853E5E55544D5756275797C0 /* Pods-POTDUITests.release.xcconfig */;
			buildSettings = {
				ALWAYS_EMBED_SWIFT_STANDARD_LIBRARIES = YES;
				DEVELOPMENT_TEAM = 8767555EYT;
				INFOPLIST_FILE = POTDUITests/Info.plist;
				LD_RUNPATH_SEARCH_PATHS = "$(inherited) @executable_path/Frameworks @loader_path/Frameworks";
				PRODUCT_BUNDLE_IDENTIFIER = com.Glowforge.POTDUITests;
				PRODUCT_NAME = "$(TARGET_NAME)";
				SWIFT_VERSION = 3.0;
				TEST_TARGET_NAME = POTD;
			};
			name = Release;
		};
/* End XCBuildConfiguration section */

/* Begin XCConfigurationList section */
		1B0E46FA1EB69B6C00751361 /* Build configuration list for PBXProject "POTD" */ = {
			isa = XCConfigurationList;
			buildConfigurations = (
				1B0E47251EB69B6C00751361 /* Debug */,
				1B0E47261EB69B6C00751361 /* Release */,
			);
			defaultConfigurationIsVisible = 0;
			defaultConfigurationName = Release;
		};
		1B0E47271EB69B6C00751361 /* Build configuration list for PBXNativeTarget "POTD" */ = {
			isa = XCConfigurationList;
			buildConfigurations = (
				1B0E47281EB69B6C00751361 /* Debug */,
				1B0E47291EB69B6C00751361 /* Release */,
			);
			defaultConfigurationIsVisible = 0;
			defaultConfigurationName = Release;
		};
		1B0E472A1EB69B6C00751361 /* Build configuration list for PBXNativeTarget "POTDTests" */ = {
			isa = XCConfigurationList;
			buildConfigurations = (
				1B0E472B1EB69B6C00751361 /* Debug */,
				1B0E472C1EB69B6C00751361 /* Release */,
			);
			defaultConfigurationIsVisible = 0;
			defaultConfigurationName = Release;
		};
		1B0E472D1EB69B6C00751361 /* Build configuration list for PBXNativeTarget "POTDUITests" */ = {
			isa = XCConfigurationList;
			buildConfigurations = (
				1B0E472E1EB69B6C00751361 /* Debug */,
				1B0E472F1EB69B6C00751361 /* Release */,
			);
			defaultConfigurationIsVisible = 0;
			defaultConfigurationName = Release;
		};
/* End XCConfigurationList section */
	};
	rootObject = 1B0E46F71EB69B6C00751361 /* Project object */;
}
