// !$*UTF8*$!
{
	archiveVersion = 1;
	classes = {
	};
	objectVersion = 46;
	objects = {

/* Begin PBXBuildFile section */
		1B0E47031EB69B6C00751361 /* AppDelegate.swift in Sources */ = {isa = PBXBuildFile; fileRef = 1B0E47021EB69B6C00751361 /* AppDelegate.swift */; };
		1B0E47051EB69B6C00751361 /* ViewController.swift in Sources */ = {isa = PBXBuildFile; fileRef = 1B0E47041EB69B6C00751361 /* ViewController.swift */; };
		1B0E47081EB69B6C00751361 /* Main.storyboard in Resources */ = {isa = PBXBuildFile; fileRef = 1B0E47061EB69B6C00751361 /* Main.storyboard */; };
		1B0E470A1EB69B6C00751361 /* Assets.xcassets in Resources */ = {isa = PBXBuildFile; fileRef = 1B0E47091EB69B6C00751361 /* Assets.xcassets */; };
		1B0E470D1EB69B6C00751361 /* LaunchScreen.storyboard in Resources */ = {isa = PBXBuildFile; fileRef = 1B0E470B1EB69B6C00751361 /* LaunchScreen.storyboard */; };
		1B0E47181EB69B6C00751361 /* POTDTests.swift in Sources */ = {isa = PBXBuildFile; fileRef = 1B0E47171EB69B6C00751361 /* POTDTests.swift */; };
		1B0E47231EB69B6C00751361 /* POTDUITests.swift in Sources */ = {isa = PBXBuildFile; fileRef = 1B0E47221EB69B6C00751361 /* POTDUITests.swift */; };
/* End PBXBuildFile section */

/* Begin PBXContainerItemProxy section */
		1B0E47141EB69B6C00751361 /* PBXContainerItemProxy */ = {
			isa = PBXContainerItemProxy;
			containerPortal = 1B0E46F71EB69B6C00751361 /* Project object */;
			proxyType = 1;
			remoteGlobalIDString = 1B0E46FE1EB69B6C00751361;
			remoteInfo = POTD;
		};
		1B0E471F1EB69B6C00751361 /* PBXContainerItemProxy */ = {
			isa = PBXContainerItemProxy;
			containerPortal = 1B0E46F71EB69B6C00751361 /* Project object */;
			proxyType = 1;
			remoteGlobalIDString = 1B0E46FE1EB69B6C00751361;
			remoteInfo = POTD;
		};
/* End PBXContainerItemProxy section */

/* Begin PBXFileReference section */
		1B0E46FF1EB69B6C00751361 /* POTD.app */ = {isa = PBXFileReference; explicitFileType = wrapper.application; includeInIndex = 0; path = POTD.app; sourceTree = BUILT_PRODUCTS_DIR; };
		1B0E47021EB69B6C00751361 /* AppDelegate.swift */ = {isa = PBXFileReference; lastKnownFileType = sourcecode.swift; path = AppDelegate.swift; sourceTree = "<group>"; };
		1B0E47041EB69B6C00751361 /* ViewController.swift */ = {isa = PBXFileReference; lastKnownFileType = sourcecode.swift; path = ViewController.swift; sourceTree = "<group>"; };
		1B0E47071EB69B6C00751361 /* Base */ = {isa = PBXFileReference; lastKnownFileType = file.storyboard; name = Base; path = Base.lproj/Main.storyboard; sourceTree = "<group>"; };
		1B0E47091EB69B6C00751361 /* Assets.xcassets */ = {isa = PBXFileReference; lastKnownFileType = folder.assetcatalog; path = Assets.xcassets; sourceTree = "<group>"; };
		1B0E470C1EB69B6C00751361 /* Base */ = {isa = PBXFileReference; lastKnownFileType = file.storyboard; name = Base; path = Base.lproj/LaunchScreen.storyboard; sourceTree = "<group>"; };
		1B0E470E1EB69B6C00751361 /* Info.plist */ = {isa = PBXFileReference; lastKnownFileType = text.plist.xml; path = Info.plist; sourceTree = "<group>"; };
		1B0E47131EB69B6C00751361 /* POTDTests.xctest */ = {isa = PBXFileReference; explicitFileType = wrapper.cfbundle; includeInIndex = 0; path = POTDTests.xctest; sourceTree = BUILT_PRODUCTS_DIR; };
		1B0E47171EB69B6C00751361 /* POTDTests.swift */ = {isa = PBXFileReference; lastKnownFileType = sourcecode.swift; path = POTDTests.swift; sourceTree = "<group>"; };
		1B0E47191EB69B6C00751361 /* Info.plist */ = {isa = PBXFileReference; lastKnownFileType = text.plist.xml; path = Info.plist; sourceTree = "<group>"; };
		1B0E471E1EB69B6C00751361 /* POTDUITests.xctest */ = {isa = PBXFileReference; explicitFileType = wrapper.cfbundle; includeInIndex = 0; path = POTDUITests.xctest; sourceTree = BUILT_PRODUCTS_DIR; };
		1B0E47221EB69B6C00751361 /* POTDUITests.swift */ = {isa = PBXFileReference; lastKnownFileType = sourcecode.swift; path = POTDUITests.swift; sourceTree = "<group>"; };
		1B0E47241EB69B6C00751361 /* Info.plist */ = {isa = PBXFileReference; lastKnownFileType = text.plist.xml; path = Info.plist; sourceTree = "<group>"; };
/* End PBXFileReference section */

/* Begin PBXFrameworksBuildPhase section */
		1B0E46FC1EB69B6C00751361 /* Frameworks */ = {
			isa = PBXFrameworksBuildPhase;
			buildActionMask = 2147483647;
			files = (
			);
			runOnlyForDeploymentPostprocessing = 0;
		};
		1B0E47101EB69B6C00751361 /* Frameworks */ = {
			isa = PBXFrameworksBuildPhase;
			buildActionMask = 2147483647;
			files = (
			);
			runOnlyForDeploymentPostprocessing = 0;
		};
		1B0E471B1EB69B6C00751361 /* Frameworks */ = {
			isa = PBXFrameworksBuildPhase;
			buildActionMask = 2147483647;
			files = (
			);
			runOnlyForDeploymentPostprocessing = 0;
		};
/* End PBXFrameworksBuildPhase section */

/* Begin PBXGroup section */
		1B0E46F61EB69B6C00751361 = {
			isa = PBXGroup;
			children = (
				1B0E47011EB69B6C00751361 /* POTD */,
				1B0E47161EB69B6C00751361 /* POTDTests */,
				1B0E47211EB69B6C00751361 /* POTDUITests */,
				1B0E47001EB69B6C00751361 /* Products */,
			);
			sourceTree = "<group>";
		};
		1B0E47001EB69B6C00751361 /* Products */ = {
			isa = PBXGroup;
			children = (
				1B0E46FF1EB69B6C00751361 /* POTD.app */,
				1B0E47131EB69B6C00751361 /* POTDTests.xctest */,
				1B0E471E1EB69B6C00751361 /* POTDUITests.xctest */,
			);
			name = Products;
			sourceTree = "<group>";
		};
		1B0E47011EB69B6C00751361 /* POTD */ = {
			isa = PBXGroup;
			children = (
				1B0E47021EB69B6C00751361 /* AppDelegate.swift */,
				1B0E47041EB69B6C00751361 /* ViewController.swift */,
				1B0E47061EB69B6C00751361 /* Main.storyboard */,
				1B0E47091EB69B6C00751361 /* Assets.xcassets */,
				1B0E470B1EB69B6C00751361 /* LaunchScreen.storyboard */,
				1B0E470E1EB69B6C00751361 /* Info.plist */,
			);
			path = POTD;
			sourceTree = "<group>";
		};
		1B0E47161EB69B6C00751361 /* POTDTests */ = {
			isa = PBXGroup;
			children = (
				1B0E47171EB69B6C00751361 /* POTDTests.swift */,
				1B0E47191EB69B6C00751361 /* Info.plist */,
			);
			path = POTDTests;
			sourceTree = "<group>";
		};
		1B0E47211EB69B6C00751361 /* POTDUITests */ = {
			isa = PBXGroup;
			children = (
				1B0E47221EB69B6C00751361 /* POTDUITests.swift */,
				1B0E47241EB69B6C00751361 /* Info.plist */,
			);
			path = POTDUITests;
			sourceTree = "<group>";
		};
/* End PBXGroup section */

/* Begin PBXNativeTarget section */
		1B0E46FE1EB69B6C00751361 /* POTD */ = {
			isa = PBXNativeTarget;
			buildConfigurationList = 1B0E47271EB69B6C00751361 /* Build configuration list for PBXNativeTarget "POTD" */;
			buildPhases = (
				1B0E46FB1EB69B6C00751361 /* Sources */,
				1B0E46FC1EB69B6C00751361 /* Frameworks */,
				1B0E46FD1EB69B6C00751361 /* Resources */,
			);
			buildRules = (
			);
			dependencies = (
			);
			name = POTD;
			productName = POTD;
			productReference = 1B0E46FF1EB69B6C00751361 /* POTD.app */;
			productType = "com.apple.product-type.application";
		};
		1B0E47121EB69B6C00751361 /* POTDTests */ = {
			isa = PBXNativeTarget;
			buildConfigurationList = 1B0E472A1EB69B6C00751361 /* Build configuration list for PBXNativeTarget "POTDTests" */;
			buildPhases = (
				1B0E470F1EB69B6C00751361 /* Sources */,
				1B0E47101EB69B6C00751361 /* Frameworks */,
				1B0E47111EB69B6C00751361 /* Resources */,
			);
			buildRules = (
			);
			dependencies = (
				1B0E47151EB69B6C00751361 /* PBXTargetDependency */,
			);
			name = POTDTests;
			productName = POTDTests;
			productReference = 1B0E47131EB69B6C00751361 /* POTDTests.xctest */;
			productType = "com.apple.product-type.bundle.unit-test";
		};
		1B0E471D1EB69B6C00751361 /* POTDUITests */ = {
			isa = PBXNativeTarget;
			buildConfigurationList = 1B0E472D1EB69B6C00751361 /* Build configuration list for PBXNativeTarget "POTDUITests" */;
			buildPhases = (
				1B0E471A1EB69B6C00751361 /* Sources */,
				1B0E471B1EB69B6C00751361 /* Frameworks */,
				1B0E471C1EB69B6C00751361 /* Resources */,
			);
			buildRules = (
			);
			dependencies = (
				1B0E47201EB69B6C00751361 /* PBXTargetDependency */,
			);
			name = POTDUITests;
			productName = POTDUITests;
			productReference = 1B0E471E1EB69B6C00751361 /* POTDUITests.xctest */;
			productType = "com.apple.product-type.bundle.ui-testing";
		};
/* End PBXNativeTarget section */

/* Begin PBXProject section */
		1B0E46F71EB69B6C00751361 /* Project object */ = {
			isa = PBXProject;
			attributes = {
				LastSwiftUpdateCheck = 0820;
				LastUpgradeCheck = 0820;
				ORGANIZATIONNAME = "Jon-Tait Beason";
				TargetAttributes = {
					1B0E46FE1EB69B6C00751361 = {
						CreatedOnToolsVersion = 8.2.1;
						DevelopmentTeam = 8767555EYT;
						ProvisioningStyle = Automatic;
					};
					1B0E47121EB69B6C00751361 = {
						CreatedOnToolsVersion = 8.2.1;
						DevelopmentTeam = 8767555EYT;
						ProvisioningStyle = Automatic;
						TestTargetID = 1B0E46FE1EB69B6C00751361;
					};
					1B0E471D1EB69B6C00751361 = {
						CreatedOnToolsVersion = 8.2.1;
						DevelopmentTeam = 8767555EYT;
						ProvisioningStyle = Automatic;
						TestTargetID = 1B0E46FE1EB69B6C00751361;
					};
				};
			};
			buildConfigurationList = 1B0E46FA1EB69B6C00751361 /* Build configuration list for PBXProject "POTD" */;
			compatibilityVersion = "Xcode 3.2";
			developmentRegion = English;
			hasScannedForEncodings = 0;
			knownRegions = (
				en,
				Base,
			);
			mainGroup = 1B0E46F61EB69B6C00751361;
			productRefGroup = 1B0E47001EB69B6C00751361 /* Products */;
			projectDirPath = "";
			projectRoot = "";
			targets = (
				1B0E46FE1EB69B6C00751361 /* POTD */,
				1B0E47121EB69B6C00751361 /* POTDTests */,
				1B0E471D1EB69B6C00751361 /* POTDUITests */,
			);
		};
/* End PBXProject section */

/* Begin PBXResourcesBuildPhase section */
		1B0E46FD1EB69B6C00751361 /* Resources */ = {
			isa = PBXResourcesBuildPhase;
			buildActionMask = 2147483647;
			files = (
				1B0E470D1EB69B6C00751361 /* LaunchScreen.storyboard in Resources */,
				1B0E470A1EB69B6C00751361 /* Assets.xcassets in Resources */,
				1B0E47081EB69B6C00751361 /* Main.storyboard in Resources */,
			);
			runOnlyForDeploymentPostprocessing = 0;
		};
		1B0E47111EB69B6C00751361 /* Resources */ = {
			isa = PBXResourcesBuildPhase;
			buildActionMask = 2147483647;
			files = (
			);
			runOnlyForDeploymentPostprocessing = 0;
		};
		1B0E471C1EB69B6C00751361 /* Resources */ = {
			isa = PBXResourcesBuildPhase;
			buildActionMask = 2147483647;
			files = (
			);
			runOnlyForDeploymentPostprocessing = 0;
		};
/* End PBXResourcesBuildPhase section */

/* Begin PBXSourcesBuildPhase section */
		1B0E46FB1EB69B6C00751361 /* Sources */ = {
			isa = PBXSourcesBuildPhase;
			buildActionMask = 2147483647;
			files = (
				1B0E47051EB69B6C00751361 /* ViewController.swift in Sources */,
				1B0E47031EB69B6C00751361 /* AppDelegate.swift in Sources */,
			);
			runOnlyForDeploymentPostprocessing = 0;
		};
		1B0E470F1EB69B6C00751361 /* Sources */ = {
			isa = PBXSourcesBuildPhase;
			buildActionMask = 2147483647;
			files = (
				1B0E47181EB69B6C00751361 /* POTDTests.swift in Sources */,
			);
			runOnlyForDeploymentPostprocessing = 0;
		};
		1B0E471A1EB69B6C00751361 /* Sources */ = {
			isa = PBXSourcesBuildPhase;
			buildActionMask = 2147483647;
			files = (
				1B0E47231EB69B6C00751361 /* POTDUITests.swift in Sources */,
			);
			runOnlyForDeploymentPostprocessing = 0;
		};
/* End PBXSourcesBuildPhase section */

/* Begin PBXTargetDependency section */
		1B0E47151EB69B6C00751361 /* PBXTargetDependency */ = {
			isa = PBXTargetDependency;
			target = 1B0E46FE1EB69B6C00751361 /* POTD */;
			targetProxy = 1B0E47141EB69B6C00751361 /* PBXContainerItemProxy */;
		};
		1B0E47201EB69B6C00751361 /* PBXTargetDependency */ = {
			isa = PBXTargetDependency;
			target = 1B0E46FE1EB69B6C00751361 /* POTD */;
			targetProxy = 1B0E471F1EB69B6C00751361 /* PBXContainerItemProxy */;
		};
/* End PBXTargetDependency section */

/* Begin PBXVariantGroup section */
		1B0E47061EB69B6C00751361 /* Main.storyboard */ = {
			isa = PBXVariantGroup;
			children = (
				1B0E47071EB69B6C00751361 /* Base */,
			);
			name = Main.storyboard;
			sourceTree = "<group>";
		};
		1B0E470B1EB69B6C00751361 /* LaunchScreen.storyboard */ = {
			isa = PBXVariantGroup;
			children = (
				1B0E470C1EB69B6C00751361 /* Base */,
			);
			name = LaunchScreen.storyboard;
			sourceTree = "<group>";
		};
/* End PBXVariantGroup section */

/* Begin XCBuildConfiguration section */
		1B0E47251EB69B6C00751361 /* Debug */ = {
			isa = XCBuildConfiguration;
			buildSettings = {
				ALWAYS_SEARCH_USER_PATHS = NO;
				CLANG_ANALYZER_NONNULL = YES;
				CLANG_CXX_LANGUAGE_STANDARD = "gnu++0x";
				CLANG_CXX_LIBRARY = "libc++";
				CLANG_ENABLE_MODULES = YES;
				CLANG_ENABLE_OBJC_ARC = YES;
				CLANG_WARN_BOOL_CONVERSION = YES;
				CLANG_WARN_CONSTANT_CONVERSION = YES;
				CLANG_WARN_DIRECT_OBJC_ISA_USAGE = YES_ERROR;
				CLANG_WARN_DOCUMENTATION_COMMENTS = YES;
				CLANG_WARN_EMPTY_BODY = YES;
				CLANG_WARN_ENUM_CONVERSION = YES;
				CLANG_WARN_INFINITE_RECURSION = YES;
				CLANG_WARN_INT_CONVERSION = YES;
				CLANG_WARN_OBJC_ROOT_CLASS = YES_ERROR;
				CLANG_WARN_SUSPICIOUS_MOVE = YES;
				CLANG_WARN_UNREACHABLE_CODE = YES;
				CLANG_WARN__DUPLICATE_METHOD_MATCH = YES;
				"CODE_SIGN_IDENTITY[sdk=iphoneos*]" = "iPhone Developer";
				COPY_PHASE_STRIP = NO;
				DEBUG_INFORMATION_FORMAT = dwarf;
				ENABLE_STRICT_OBJC_MSGSEND = YES;
				ENABLE_TESTABILITY = YES;
				GCC_C_LANGUAGE_STANDARD = gnu99;
				GCC_DYNAMIC_NO_PIC = NO;
				GCC_NO_COMMON_BLOCKS = YES;
				GCC_OPTIMIZATION_LEVEL = 0;
				GCC_PREPROCESSOR_DEFINITIONS = (
					"DEBUG=1",
					"$(inherited)",
				);
				GCC_WARN_64_TO_32_BIT_CONVERSION = YES;
				GCC_WARN_ABOUT_RETURN_TYPE = YES_ERROR;
				GCC_WARN_UNDECLARED_SELECTOR = YES;
				GCC_WARN_UNINITIALIZED_AUTOS = YES_AGGRESSIVE;
				GCC_WARN_UNUSED_FUNCTION = YES;
				GCC_WARN_UNUSED_VARIABLE = YES;
				IPHONEOS_DEPLOYMENT_TARGET = 10.2;
				MTL_ENABLE_DEBUG_INFO = YES;
				ONLY_ACTIVE_ARCH = YES;
				SDKROOT = iphoneos;
				SWIFT_ACTIVE_COMPILATION_CONDITIONS = DEBUG;
				SWIFT_OPTIMIZATION_LEVEL = "-Onone";
				TARGETED_DEVICE_FAMILY = "1,2";
			};
			name = Debug;
		};
		1B0E47261EB69B6C00751361 /* Release */ = {
			isa = XCBuildConfiguration;
			buildSettings = {
				ALWAYS_SEARCH_USER_PATHS = NO;
				CLANG_ANALYZER_NONNULL = YES;
				CLANG_CXX_LANGUAGE_STANDARD = "gnu++0x";
				CLANG_CXX_LIBRARY = "libc++";
				CLANG_ENABLE_MODULES = YES;
				CLANG_ENABLE_OBJC_ARC = YES;
				CLANG_WARN_BOOL_CONVERSION = YES;
				CLANG_WARN_CONSTANT_CONVERSION = YES;
				CLANG_WARN_DIRECT_OBJC_ISA_USAGE = YES_ERROR;
				CLANG_WARN_DOCUMENTATION_COMMENTS = YES;
				CLANG_WARN_EMPTY_BODY = YES;
				CLANG_WARN_ENUM_CONVERSION = YES;
				CLANG_WARN_INFINITE_RECURSION = YES;
				CLANG_WARN_INT_CONVERSION = YES;
				CLANG_WARN_OBJC_ROOT_CLASS = YES_ERROR;
				CLANG_WARN_SUSPICIOUS_MOVE = YES;
				CLANG_WARN_UNREACHABLE_CODE = YES;
				CLANG_WARN__DUPLICATE_METHOD_MATCH = YES;
				"CODE_SIGN_IDENTITY[sdk=iphoneos*]" = "iPhone Developer";
				COPY_PHASE_STRIP = NO;
				DEBUG_INFORMATION_FORMAT = "dwarf-with-dsym";
				ENABLE_NS_ASSERTIONS = NO;
				ENABLE_STRICT_OBJC_MSGSEND = YES;
				GCC_C_LANGUAGE_STANDARD = gnu99;
				GCC_NO_COMMON_BLOCKS = YES;
				GCC_WARN_64_TO_32_BIT_CONVERSION = YES;
				GCC_WARN_ABOUT_RETURN_TYPE = YES_ERROR;
				GCC_WARN_UNDECLARED_SELECTOR = YES;
				GCC_WARN_UNINITIALIZED_AUTOS = YES_AGGRESSIVE;
				GCC_WARN_UNUSED_FUNCTION = YES;
				GCC_WARN_UNUSED_VARIABLE = YES;
				IPHONEOS_DEPLOYMENT_TARGET = 10.2;
				MTL_ENABLE_DEBUG_INFO = NO;
				SDKROOT = iphoneos;
				SWIFT_OPTIMIZATION_LEVEL = "-Owholemodule";
				TARGETED_DEVICE_FAMILY = "1,2";
				VALIDATE_PRODUCT = YES;
			};
			name = Release;
		};
		1B0E47281EB69B6C00751361 /* Debug */ = {
			isa = XCBuildConfiguration;
			buildSettings = {
				ASSETCATALOG_COMPILER_APPICON_NAME = AppIcon;
				DEVELOPMENT_TEAM = 8767555EYT;
				INFOPLIST_FILE = POTD/Info.plist;
				LD_RUNPATH_SEARCH_PATHS = "$(inherited) @executable_path/Frameworks";
				PRODUCT_BUNDLE_IDENTIFIER = com.Glowforge.POTD;
				PRODUCT_NAME = "$(TARGET_NAME)";
				SWIFT_VERSION = 3.0;
			};
			name = Debug;
		};
		1B0E47291EB69B6C00751361 /* Release */ = {
			isa = XCBuildConfiguration;
			buildSettings = {
				ASSETCATALOG_COMPILER_APPICON_NAME = AppIcon;
				DEVELOPMENT_TEAM = 8767555EYT;
				INFOPLIST_FILE = POTD/Info.plist;
				LD_RUNPATH_SEARCH_PATHS = "$(inherited) @executable_path/Frameworks";
				PRODUCT_BUNDLE_IDENTIFIER = com.Glowforge.POTD;
				PRODUCT_NAME = "$(TARGET_NAME)";
				SWIFT_VERSION = 3.0;
			};
			name = Release;
		};
		1B0E472B1EB69B6C00751361 /* Debug */ = {
			isa = XCBuildConfiguration;
			buildSettings = {
				ALWAYS_EMBED_SWIFT_STANDARD_LIBRARIES = YES;
				BUNDLE_LOADER = "$(TEST_HOST)";
				DEVELOPMENT_TEAM = 8767555EYT;
				INFOPLIST_FILE = POTDTests/Info.plist;
				LD_RUNPATH_SEARCH_PATHS = "$(inherited) @executable_path/Frameworks @loader_path/Frameworks";
				PRODUCT_BUNDLE_IDENTIFIER = com.Glowforge.POTDTests;
				PRODUCT_NAME = "$(TARGET_NAME)";
				SWIFT_VERSION = 3.0;
				TEST_HOST = "$(BUILT_PRODUCTS_DIR)/POTD.app/POTD";
			};
			name = Debug;
		};
		1B0E472C1EB69B6C00751361 /* Release */ = {
			isa = XCBuildConfiguration;
			buildSettings = {
				ALWAYS_EMBED_SWIFT_STANDARD_LIBRARIES = YES;
				BUNDLE_LOADER = "$(TEST_HOST)";
				DEVELOPMENT_TEAM = 8767555EYT;
				INFOPLIST_FILE = POTDTests/Info.plist;
				LD_RUNPATH_SEARCH_PATHS = "$(inherited) @executable_path/Frameworks @loader_path/Frameworks";
				PRODUCT_BUNDLE_IDENTIFIER = com.Glowforge.POTDTests;
				PRODUCT_NAME = "$(TARGET_NAME)";
				SWIFT_VERSION = 3.0;
				TEST_HOST = "$(BUILT_PRODUCTS_DIR)/POTD.app/POTD";
			};
			name = Release;
		};
		1B0E472E1EB69B6C00751361 /* Debug */ = {
			isa = XCBuildConfiguration;
			buildSettings = {
				ALWAYS_EMBED_SWIFT_STANDARD_LIBRARIES = YES;
				DEVELOPMENT_TEAM = 8767555EYT;
				INFOPLIST_FILE = POTDUITests/Info.plist;
				LD_RUNPATH_SEARCH_PATHS = "$(inherited) @executable_path/Frameworks @loader_path/Frameworks";
				PRODUCT_BUNDLE_IDENTIFIER = com.Glowforge.POTDUITests;
				PRODUCT_NAME = "$(TARGET_NAME)";
				SWIFT_VERSION = 3.0;
				TEST_TARGET_NAME = POTD;
			};
			name = Debug;
		};
		1B0E472F1EB69B6C00751361 /* Release */ = {
			isa = XCBuildConfiguration;
			buildSettings = {
				ALWAYS_EMBED_SWIFT_STANDARD_LIBRARIES = YES;
				DEVELOPMENT_TEAM = 8767555EYT;
				INFOPLIST_FILE = POTDUITests/Info.plist;
				LD_RUNPATH_SEARCH_PATHS = "$(inherited) @executable_path/Frameworks @loader_path/Frameworks";
				PRODUCT_BUNDLE_IDENTIFIER = com.Glowforge.POTDUITests;
				PRODUCT_NAME = "$(TARGET_NAME)";
				SWIFT_VERSION = 3.0;
				TEST_TARGET_NAME = POTD;
			};
			name = Release;
		};
/* End XCBuildConfiguration section */

/* Begin XCConfigurationList section */
		1B0E46FA1EB69B6C00751361 /* Build configuration list for PBXProject "POTD" */ = {
			isa = XCConfigurationList;
			buildConfigurations = (
				1B0E47251EB69B6C00751361 /* Debug */,
				1B0E47261EB69B6C00751361 /* Release */,
			);
			defaultConfigurationIsVisible = 0;
			defaultConfigurationName = Release;
		};
		1B0E47271EB69B6C00751361 /* Build configuration list for PBXNativeTarget "POTD" */ = {
			isa = XCConfigurationList;
			buildConfigurations = (
				1B0E47281EB69B6C00751361 /* Debug */,
				1B0E47291EB69B6C00751361 /* Release */,
			);
			defaultConfigurationIsVisible = 0;
		};
		1B0E472A1EB69B6C00751361 /* Build configuration list for PBXNativeTarget "POTDTests" */ = {
			isa = XCConfigurationList;
			buildConfigurations = (
				1B0E472B1EB69B6C00751361 /* Debug */,
				1B0E472C1EB69B6C00751361 /* Release */,
			);
			defaultConfigurationIsVisible = 0;
		};
		1B0E472D1EB69B6C00751361 /* Build configuration list for PBXNativeTarget "POTDUITests" */ = {
			isa = XCConfigurationList;
			buildConfigurations = (
				1B0E472E1EB69B6C00751361 /* Debug */,
				1B0E472F1EB69B6C00751361 /* Release */,
			);
			defaultConfigurationIsVisible = 0;
		};
/* End XCConfigurationList section */
	};
	rootObject = 1B0E46F71EB69B6C00751361 /* Project object */;
}
